
Microsoft Visual Studio Solution File, Format Version 12.00
# Visual Studio Version 17
VisualStudioVersion = 17.12.35514.174 d17.12
MinimumVisualStudioVersion = 10.0.40219.1
Project("{FAE04EC0-301F-11D3-BF4B-00C04F79EFBC}") = "CS2AAranezAllen_MVCProject", "CS2AAranezAllen_MVCProject\CS2AAranezAllen_MVCProject.csproj", "{5BF4E8C8-8F9A-413A-97A2-310E252061B5}"
EndProject
Project("{FAE04EC0-301F-11D3-BF4B-00C04F79EFBC}") = "CS2AAranezAllen_MVCProject.BusLogic", "CS2AAranezAllen_MVCProject.BusLogic\CS2AAranezAllen_MVCProject.BusLogic.csproj", "{2C2C2436-F3B2-454D-B8A6-54CAFAFD57C9}"
EndProject
Global
	GlobalSection(SolutionConfigurationPlatforms) = preSolution
		Debug|Any CPU = Debug|Any CPU
		Release|Any CPU = Release|Any CPU
	EndGlobalSection
	GlobalSection(ProjectConfigurationPlatforms) = postSolution
		{5BF4E8C8-8F9A-413A-97A2-310E252061B5}.Debug|Any CPU.ActiveCfg = Debug|Any CPU
		{5BF4E8C8-8F9A-413A-97A2-310E252061B5}.Debug|Any CPU.Build.0 = Debug|Any CPU
		{5BF4E8C8-8F9A-413A-97A2-310E252061B5}.Release|Any CPU.ActiveCfg = Release|Any CPU
		{5BF4E8C8-8F9A-413A-97A2-310E252061B5}.Release|Any CPU.Build.0 = Release|Any CPU
		{2C2C2436-F3B2-454D-B8A6-54CAFAFD57C9}.Debug|Any CPU.ActiveCfg = Debug|Any CPU
		{2C2C2436-F3B2-454D-B8A6-54CAFAFD57C9}.Debug|Any CPU.Build.0 = Debug|Any CPU
		{2C2C2436-F3B2-454D-B8A6-54CAFAFD57C9}.Release|Any CPU.ActiveCfg = Release|Any CPU
		{2C2C2436-F3B2-454D-B8A6-54CAFAFD57C9}.Release|Any CPU.Build.0 = Release|Any CPU
	EndGlobalSection
	GlobalSection(SolutionProperties) = preSolution
		HideSolutionNode = FALSE
	EndGlobalSection
EndGlobal
